
Microsoft Visual Studio Solution File, Format Version 12.00
# Visual Studio Version 16
VisualStudioVersion = 16.0.31605.320
MinimumVisualStudioVersion = 10.0.40219.1
Project("{FAE04EC0-301F-11D3-BF4B-00C04F79EFBC}") = "Exerc1", "Exerc1\Exerc1.csproj", "{32C93764-9959-4318-B2E7-0DA751E89688}"
EndProject
Global
	GlobalSection(SolutionConfigurationPlatforms) = preSolution
		Debug|Any CPU = Debug|Any CPU
		Release|Any CPU = Release|Any CPU
	EndGlobalSection
	GlobalSection(ProjectConfigurationPlatforms) = postSolution
		{32C93764-9959-4318-B2E7-0DA751E89688}.Debug|Any CPU.ActiveCfg = Debug|Any CPU
		{32C93764-9959-4318-B2E7-0DA751E89688}.Debug|Any CPU.Build.0 = Debug|Any CPU
		{32C93764-9959-4318-B2E7-0DA751E89688}.Release|Any CPU.ActiveCfg = Release|Any CPU
		{32C93764-9959-4318-B2E7-0DA751E89688}.Release|Any CPU.Build.0 = Release|Any CPU
	EndGlobalSection
	GlobalSection(SolutionProperties) = preSolution
		HideSolutionNode = FALSE
	EndGlobalSection
	GlobalSection(ExtensibilityGlobals) = postSolution
		SolutionGuid = {6A4B789F-116A-4ECD-B4D8-12C927B0C44E}
	EndGlobalSection
EndGlobal
