
Microsoft Visual Studio Solution File, Format Version 12.00
# Visual Studio Version 16
VisualStudioVersion = 16.0.31605.320
MinimumVisualStudioVersion = 10.0.40219.1
Project("{FAE04EC0-301F-11D3-BF4B-00C04F79EFBC}") = "Exerc7", "Exerc7\Exerc7.csproj", "{DA225BCC-E89F-45C0-8BC7-067D09B00C78}"
EndProject
Global
	GlobalSection(SolutionConfigurationPlatforms) = preSolution
		Debug|Any CPU = Debug|Any CPU
		Release|Any CPU = Release|Any CPU
	EndGlobalSection
	GlobalSection(ProjectConfigurationPlatforms) = postSolution
		{DA225BCC-E89F-45C0-8BC7-067D09B00C78}.Debug|Any CPU.ActiveCfg = Debug|Any CPU
		{DA225BCC-E89F-45C0-8BC7-067D09B00C78}.Debug|Any CPU.Build.0 = Debug|Any CPU
		{DA225BCC-E89F-45C0-8BC7-067D09B00C78}.Release|Any CPU.ActiveCfg = Release|Any CPU
		{DA225BCC-E89F-45C0-8BC7-067D09B00C78}.Release|Any CPU.Build.0 = Release|Any CPU
	EndGlobalSection
	GlobalSection(SolutionProperties) = preSolution
		HideSolutionNode = FALSE
	EndGlobalSection
	GlobalSection(ExtensibilityGlobals) = postSolution
		SolutionGuid = {F98C04BB-44DF-444A-94A4-0E3B3FD7F098}
	EndGlobalSection
EndGlobal
