
Microsoft Visual Studio Solution File, Format Version 12.00
# Visual Studio Version 16
VisualStudioVersion = 16.0.31605.320
MinimumVisualStudioVersion = 10.0.40219.1
Project("{FAE04EC0-301F-11D3-BF4B-00C04F79EFBC}") = "Ex01_arrays", "Ex01_arrays\Ex01_arrays.csproj", "{8D8B0446-0364-4E7B-986F-158BF6379485}"
EndProject
Global
	GlobalSection(SolutionConfigurationPlatforms) = preSolution
		Debug|Any CPU = Debug|Any CPU
		Release|Any CPU = Release|Any CPU
	EndGlobalSection
	GlobalSection(ProjectConfigurationPlatforms) = postSolution
		{8D8B0446-0364-4E7B-986F-158BF6379485}.Debug|Any CPU.ActiveCfg = Debug|Any CPU
		{8D8B0446-0364-4E7B-986F-158BF6379485}.Debug|Any CPU.Build.0 = Debug|Any CPU
		{8D8B0446-0364-4E7B-986F-158BF6379485}.Release|Any CPU.ActiveCfg = Release|Any CPU
		{8D8B0446-0364-4E7B-986F-158BF6379485}.Release|Any CPU.Build.0 = Release|Any CPU
	EndGlobalSection
	GlobalSection(SolutionProperties) = preSolution
		HideSolutionNode = FALSE
	EndGlobalSection
	GlobalSection(ExtensibilityGlobals) = postSolution
		SolutionGuid = {F059DC72-DDE6-4DA2-A3A5-85EA28E46ACA}
	EndGlobalSection
EndGlobal
