
Microsoft Visual Studio Solution File, Format Version 12.00
# Visual Studio Version 16
VisualStudioVersion = 16.0.31605.320
MinimumVisualStudioVersion = 10.0.40219.1
Project("{FAE04EC0-301F-11D3-BF4B-00C04F79EFBC}") = "Ex05_arrays", "Ex05_arrays\Ex05_arrays.csproj", "{7757C48D-E555-4D22-8C7A-D86487AEFCEA}"
EndProject
Global
	GlobalSection(SolutionConfigurationPlatforms) = preSolution
		Debug|Any CPU = Debug|Any CPU
		Release|Any CPU = Release|Any CPU
	EndGlobalSection
	GlobalSection(ProjectConfigurationPlatforms) = postSolution
		{7757C48D-E555-4D22-8C7A-D86487AEFCEA}.Debug|Any CPU.ActiveCfg = Debug|Any CPU
		{7757C48D-E555-4D22-8C7A-D86487AEFCEA}.Debug|Any CPU.Build.0 = Debug|Any CPU
		{7757C48D-E555-4D22-8C7A-D86487AEFCEA}.Release|Any CPU.ActiveCfg = Release|Any CPU
		{7757C48D-E555-4D22-8C7A-D86487AEFCEA}.Release|Any CPU.Build.0 = Release|Any CPU
	EndGlobalSection
	GlobalSection(SolutionProperties) = preSolution
		HideSolutionNode = FALSE
	EndGlobalSection
	GlobalSection(ExtensibilityGlobals) = postSolution
		SolutionGuid = {17912FA5-BF50-4067-8C8D-208F8E3851A3}
	EndGlobalSection
EndGlobal
