
Microsoft Visual Studio Solution File, Format Version 12.00
# Visual Studio Version 16
VisualStudioVersion = 16.0.31605.320
MinimumVisualStudioVersion = 10.0.40219.1
Project("{FAE04EC0-301F-11D3-BF4B-00C04F79EFBC}") = "Exerc8", "Exerc8\Exerc8.csproj", "{3C6F3CF0-5F29-4A62-9097-CB5BA5160A0C}"
EndProject
Global
	GlobalSection(SolutionConfigurationPlatforms) = preSolution
		Debug|Any CPU = Debug|Any CPU
		Release|Any CPU = Release|Any CPU
	EndGlobalSection
	GlobalSection(ProjectConfigurationPlatforms) = postSolution
		{3C6F3CF0-5F29-4A62-9097-CB5BA5160A0C}.Debug|Any CPU.ActiveCfg = Debug|Any CPU
		{3C6F3CF0-5F29-4A62-9097-CB5BA5160A0C}.Debug|Any CPU.Build.0 = Debug|Any CPU
		{3C6F3CF0-5F29-4A62-9097-CB5BA5160A0C}.Release|Any CPU.ActiveCfg = Release|Any CPU
		{3C6F3CF0-5F29-4A62-9097-CB5BA5160A0C}.Release|Any CPU.Build.0 = Release|Any CPU
	EndGlobalSection
	GlobalSection(SolutionProperties) = preSolution
		HideSolutionNode = FALSE
	EndGlobalSection
	GlobalSection(ExtensibilityGlobals) = postSolution
		SolutionGuid = {2A602223-A930-4C10-970E-5FB7F281EAC6}
	EndGlobalSection
EndGlobal
