
Microsoft Visual Studio Solution File, Format Version 12.00
# Visual Studio Version 16
VisualStudioVersion = 16.0.31605.320
MinimumVisualStudioVersion = 10.0.40219.1
Project("{FAE04EC0-301F-11D3-BF4B-00C04F79EFBC}") = "Ex04", "Ex04\Ex04.csproj", "{89085907-6C44-483C-85F8-E7D9A766943F}"
EndProject
Global
	GlobalSection(SolutionConfigurationPlatforms) = preSolution
		Debug|Any CPU = Debug|Any CPU
		Release|Any CPU = Release|Any CPU
	EndGlobalSection
	GlobalSection(ProjectConfigurationPlatforms) = postSolution
		{89085907-6C44-483C-85F8-E7D9A766943F}.Debug|Any CPU.ActiveCfg = Debug|Any CPU
		{89085907-6C44-483C-85F8-E7D9A766943F}.Debug|Any CPU.Build.0 = Debug|Any CPU
		{89085907-6C44-483C-85F8-E7D9A766943F}.Release|Any CPU.ActiveCfg = Release|Any CPU
		{89085907-6C44-483C-85F8-E7D9A766943F}.Release|Any CPU.Build.0 = Release|Any CPU
	EndGlobalSection
	GlobalSection(SolutionProperties) = preSolution
		HideSolutionNode = FALSE
	EndGlobalSection
	GlobalSection(ExtensibilityGlobals) = postSolution
		SolutionGuid = {870C030C-0A3F-42EB-8960-1C5738E6C894}
	EndGlobalSection
EndGlobal
